
Microsoft Visual Studio Solution File, Format Version 12.00
# Visual Studio Version 16
VisualStudioVersion = 16.0.30611.23
MinimumVisualStudioVersion = 10.0.40219.1
Project("{FAE04EC0-301F-11D3-BF4B-00C04F79EFBC}") = "metjelentes_home", "metjelentes_home.csproj", "{C835B147-D998-4213-8553-5FAF53651FFD}"
EndProject
Global
	GlobalSection(SolutionConfigurationPlatforms) = preSolution
		Debug|Any CPU = Debug|Any CPU
		Release|Any CPU = Release|Any CPU
	EndGlobalSection
	GlobalSection(ProjectConfigurationPlatforms) = postSolution
		{C835B147-D998-4213-8553-5FAF53651FFD}.Debug|Any CPU.ActiveCfg = Debug|Any CPU
		{C835B147-D998-4213-8553-5FAF53651FFD}.Debug|Any CPU.Build.0 = Debug|Any CPU
		{C835B147-D998-4213-8553-5FAF53651FFD}.Release|Any CPU.ActiveCfg = Release|Any CPU
		{C835B147-D998-4213-8553-5FAF53651FFD}.Release|Any CPU.Build.0 = Release|Any CPU
	EndGlobalSection
	GlobalSection(SolutionProperties) = preSolution
		HideSolutionNode = FALSE
	EndGlobalSection
	GlobalSection(ExtensibilityGlobals) = postSolution
		SolutionGuid = {EF1C71E2-E0B3-467C-BFE5-DBE133CE2A9C}
	EndGlobalSection
EndGlobal
